// !$*UTF8*$!
{
	archiveVersion = 1;
	classes = {
	};
	objectVersion = 56;
	objects = {

/* Begin PBXBuildFile section */
		67153BF440895C9582B5EBE1 /* HealthScoreView.swift in Sources */ = {isa = PBXBuildFile; fileRef = 6ED911E93761E6283EDAB5FE /* HealthScoreView.swift */; };
		A1234ABC12345678901234DE /* AnimatedPandaView.swift in Sources */ = {isa = PBXBuildFile; fileRef = A1234DEF12345678901234AB /* AnimatedPandaView.swift */; };
		D233A0152EF3106F006F66B8 /* nouriApp.swift in Sources */ = {isa = PBXBuildFile; fileRef = D233A0142EF3106F006F66B8 /* nouriApp.swift */; };
		D233A0172EF3106F006F66B8 /* ContentView.swift in Sources */ = {isa = PBXBuildFile; fileRef = D233A0162EF3106F006F66B8 /* ContentView.swift */; };
		D233A0192EF31071006F66B8 /* Assets.xcassets in Resources */ = {isa = PBXBuildFile; fileRef = D233A0182EF31071006F66B8 /* Assets.xcassets */; };
		D233A01D2EF31071006F66B8 /* Preview Assets.xcassets in Resources */ = {isa = PBXBuildFile; fileRef = D233A01C2EF31071006F66B8 /* Preview Assets.xcassets */; };
		D233A0272EF31072006F66B8 /* nouriTests.swift in Sources */ = {isa = PBXBuildFile; fileRef = D233A0262EF31072006F66B8 /* nouriTests.swift */; };
		D233A0312EF31072006F66B8 /* nouriUITests.swift in Sources */ = {isa = PBXBuildFile; fileRef = D233A0302EF31072006F66B8 /* nouriUITests.swift */; };
		D233A0332EF31072006F66B8 /* nouriUITestsLaunchTests.swift in Sources */ = {isa = PBXBuildFile; fileRef = D233A0322EF31072006F66B8 /* nouriUITestsLaunchTests.swift */; };
		D233A0402EF31400006F66B8 /* MealType.swift in Sources */ = {isa = PBXBuildFile; fileRef = D233A03F2EF31400006F66B8 /* MealType.swift */; };
		D233A0422EF31401006F66B8 /* MealEntry.swift in Sources */ = {isa = PBXBuildFile; fileRef = D233A0412EF31401006F66B8 /* MealEntry.swift */; };
		D233A0442EF31402006F66B8 /* MealPersistenceManager.swift in Sources */ = {isa = PBXBuildFile; fileRef = D233A0432EF31402006F66B8 /* MealPersistenceManager.swift */; };
		D233A0462EF31403006F66B8 /* TodayView.swift in Sources */ = {isa = PBXBuildFile; fileRef = D233A0452EF31403006F66B8 /* TodayView.swift */; };
		D233A0482EF31404006F66B8 /* MotivationView.swift in Sources */ = {isa = PBXBuildFile; fileRef = D233A0472EF31404006F66B8 /* MotivationView.swift */; };
		D233A04A2EF31405006F66B8 /* SettingsView.swift in Sources */ = {isa = PBXBuildFile; fileRef = D233A0492EF31405006F66B8 /* SettingsView.swift */; };
		D233A04E2EF31500006F66B8 /* CrossPlatformImage.swift in Sources */ = {isa = PBXBuildFile; fileRef = D233A04D2EF31500006F66B8 /* CrossPlatformImage.swift */; };
		D233A0502EF31501006F66B8 /* CrossPlatformColor.swift in Sources */ = {isa = PBXBuildFile; fileRef = D233A04F2EF31501006F66B8 /* CrossPlatformColor.swift */; };
		D233A0522EF31600006F66B8 /* ImagePicker.swift in Sources */ = {isa = PBXBuildFile; fileRef = D233A0512EF31600006F66B8 /* ImagePicker.swift */; };
		D2BB39F82F326F420029884B /* EnvConfig.swift in Sources */ = {isa = PBXBuildFile; fileRef = D2BB39F72F326F420029884B /* EnvConfig.swift */; };
		D2BB39FA2F326F740029884B /* Config.plist in Resources */ = {isa = PBXBuildFile; fileRef = D2BB39F92F326F740029884B /* Config.plist */; };
/* End PBXBuildFile section */

/* Begin PBXContainerItemProxy section */
		D233A0232EF31072006F66B8 /* PBXContainerItemProxy */ = {
			isa = PBXContainerItemProxy;
			containerPortal = D233A0092EF3106E006F66B8 /* Project object */;
			proxyType = 1;
			remoteGlobalIDString = D233A0102EF3106F006F66B8;
			remoteInfo = nouri;
		};
		D233A02D2EF31072006F66B8 /* PBXContainerItemProxy */ = {
			isa = PBXContainerItemProxy;
			containerPortal = D233A0092EF3106E006F66B8 /* Project object */;
			proxyType = 1;
			remoteGlobalIDString = D233A0102EF3106F006F66B8;
			remoteInfo = nouri;
		};
/* End PBXContainerItemProxy section */

/* Begin PBXFileReference section */
		6ED911E93761E6283EDAB5FE /* HealthScoreView.swift */ = {isa = PBXFileReference; lastKnownFileType = sourcecode.swift; path = HealthScoreView.swift; sourceTree = "<group>"; };
		A1234DEF12345678901234AB /* AnimatedPandaView.swift */ = {isa = PBXFileReference; lastKnownFileType = sourcecode.swift; path = AnimatedPandaView.swift; sourceTree = "<group>"; };
		D233A0112EF3106F006F66B8 /* nouri.app */ = {isa = PBXFileReference; explicitFileType = wrapper.application; includeInIndex = 0; path = nouri.app; sourceTree = BUILT_PRODUCTS_DIR; };
		D233A0142EF3106F006F66B8 /* nouriApp.swift */ = {isa = PBXFileReference; lastKnownFileType = sourcecode.swift; path = nouriApp.swift; sourceTree = "<group>"; };
		D233A0162EF3106F006F66B8 /* ContentView.swift */ = {isa = PBXFileReference; lastKnownFileType = sourcecode.swift; path = ContentView.swift; sourceTree = "<group>"; };
		D233A0182EF31071006F66B8 /* Assets.xcassets */ = {isa = PBXFileReference; lastKnownFileType = folder.assetcatalog; path = Assets.xcassets; sourceTree = "<group>"; };
		D233A01A2EF31071006F66B8 /* nouri.entitlements */ = {isa = PBXFileReference; lastKnownFileType = text.plist.entitlements; path = nouri.entitlements; sourceTree = "<group>"; };
		D233A01C2EF31071006F66B8 /* Preview Assets.xcassets */ = {isa = PBXFileReference; lastKnownFileType = folder.assetcatalog; path = "Preview Assets.xcassets"; sourceTree = "<group>"; };
		D233A0222EF31072006F66B8 /* nouriTests.xctest */ = {isa = PBXFileReference; explicitFileType = wrapper.cfbundle; includeInIndex = 0; path = nouriTests.xctest; sourceTree = BUILT_PRODUCTS_DIR; };
		D233A0262EF31072006F66B8 /* nouriTests.swift */ = {isa = PBXFileReference; lastKnownFileType = sourcecode.swift; path = nouriTests.swift; sourceTree = "<group>"; };
		D233A02C2EF31072006F66B8 /* nouriUITests.xctest */ = {isa = PBXFileReference; explicitFileType = wrapper.cfbundle; includeInIndex = 0; path = nouriUITests.xctest; sourceTree = BUILT_PRODUCTS_DIR; };
		D233A0302EF31072006F66B8 /* nouriUITests.swift */ = {isa = PBXFileReference; lastKnownFileType = sourcecode.swift; path = nouriUITests.swift; sourceTree = "<group>"; };
		D233A0322EF31072006F66B8 /* nouriUITestsLaunchTests.swift */ = {isa = PBXFileReference; lastKnownFileType = sourcecode.swift; path = nouriUITestsLaunchTests.swift; sourceTree = "<group>"; };
		D233A03F2EF31400006F66B8 /* MealType.swift */ = {isa = PBXFileReference; lastKnownFileType = sourcecode.swift; path = MealType.swift; sourceTree = "<group>"; };
		D233A0412EF31401006F66B8 /* MealEntry.swift */ = {isa = PBXFileReference; lastKnownFileType = sourcecode.swift; path = MealEntry.swift; sourceTree = "<group>"; };
		D233A0432EF31402006F66B8 /* MealPersistenceManager.swift */ = {isa = PBXFileReference; lastKnownFileType = sourcecode.swift; path = MealPersistenceManager.swift; sourceTree = "<group>"; };
		D233A0452EF31403006F66B8 /* TodayView.swift */ = {isa = PBXFileReference; lastKnownFileType = sourcecode.swift; path = TodayView.swift; sourceTree = "<group>"; };
		D233A0472EF31404006F66B8 /* MotivationView.swift */ = {isa = PBXFileReference; lastKnownFileType = sourcecode.swift; path = MotivationView.swift; sourceTree = "<group>"; };
		D233A0492EF31405006F66B8 /* SettingsView.swift */ = {isa = PBXFileReference; lastKnownFileType = sourcecode.swift; path = SettingsView.swift; sourceTree = "<group>"; };
		D233A04D2EF31500006F66B8 /* CrossPlatformImage.swift */ = {isa = PBXFileReference; lastKnownFileType = sourcecode.swift; path = CrossPlatformImage.swift; sourceTree = "<group>"; };
		D233A04F2EF31501006F66B8 /* CrossPlatformColor.swift */ = {isa = PBXFileReference; lastKnownFileType = sourcecode.swift; path = CrossPlatformColor.swift; sourceTree = "<group>"; };
		D233A0512EF31600006F66B8 /* ImagePicker.swift */ = {isa = PBXFileReference; lastKnownFileType = sourcecode.swift; path = ImagePicker.swift; sourceTree = "<group>"; };
		D2BB39F72F326F420029884B /* EnvConfig.swift */ = {isa = PBXFileReference; lastKnownFileType = sourcecode.swift; path = EnvConfig.swift; sourceTree = "<group>"; };
		D2BB39F92F326F740029884B /* Config.plist */ = {isa = PBXFileReference; lastKnownFileType = text.plist.xml; path = Config.plist; sourceTree = "<group>"; };
/* End PBXFileReference section */

/* Begin PBXFrameworksBuildPhase section */
		D233A00E2EF3106F006F66B8 /* Frameworks */ = {
			isa = PBXFrameworksBuildPhase;
			buildActionMask = 2147483647;
			files = (
			);
			runOnlyForDeploymentPostprocessing = 0;
		};
		D233A01F2EF31072006F66B8 /* Frameworks */ = {
			isa = PBXFrameworksBuildPhase;
			buildActionMask = 2147483647;
			files = (
			);
			runOnlyForDeploymentPostprocessing = 0;
		};
		D233A0292EF31072006F66B8 /* Frameworks */ = {
			isa = PBXFrameworksBuildPhase;
			buildActionMask = 2147483647;
			files = (
			);
			runOnlyForDeploymentPostprocessing = 0;
		};
/* End PBXFrameworksBuildPhase section */

/* Begin PBXGroup section */
		D233A0082EF3106E006F66B8 = {
			isa = PBXGroup;
			children = (
				D233A0132EF3106F006F66B8 /* nouri */,
				D233A0252EF31072006F66B8 /* nouriTests */,
				D233A02F2EF31072006F66B8 /* nouriUITests */,
				D233A0122EF3106F006F66B8 /* Products */,
			);
			sourceTree = "<group>";
		};
		D233A0122EF3106F006F66B8 /* Products */ = {
			isa = PBXGroup;
			children = (
				D233A0112EF3106F006F66B8 /* nouri.app */,
				D233A0222EF31072006F66B8 /* nouriTests.xctest */,
				D233A02C2EF31072006F66B8 /* nouriUITests.xctest */,
			);
			name = Products;
			sourceTree = "<group>";
		};
		D233A0132EF3106F006F66B8 /* nouri */ = {
			isa = PBXGroup;
			children = (
				D2BB39F92F326F740029884B /* Config.plist */,
				D233A0142EF3106F006F66B8 /* nouriApp.swift */,
				D233A0162EF3106F006F66B8 /* ContentView.swift */,
				D233A04B2EF31406006F66B8 /* Models */,
				D233A04C2EF31407006F66B8 /* Views */,
				D233A04D2EF31408006F66B8 /* Managers */,
				D233A0512EF31502006F66B8 /* Helpers */,
				D233A0182EF31071006F66B8 /* Assets.xcassets */,
				D233A01A2EF31071006F66B8 /* nouri.entitlements */,
				D233A01B2EF31071006F66B8 /* Preview Content */,
			);
			path = nouri;
			sourceTree = "<group>";
		};
		D233A01B2EF31071006F66B8 /* Preview Content */ = {
			isa = PBXGroup;
			children = (
				D233A01C2EF31071006F66B8 /* Preview Assets.xcassets */,
			);
			path = "Preview Content";
			sourceTree = "<group>";
		};
		D233A0252EF31072006F66B8 /* nouriTests */ = {
			isa = PBXGroup;
			children = (
				D233A0262EF31072006F66B8 /* nouriTests.swift */,
			);
			path = nouriTests;
			sourceTree = "<group>";
		};
		D233A02F2EF31072006F66B8 /* nouriUITests */ = {
			isa = PBXGroup;
			children = (
				D233A0302EF31072006F66B8 /* nouriUITests.swift */,
				D233A0322EF31072006F66B8 /* nouriUITestsLaunchTests.swift */,
			);
			path = nouriUITests;
			sourceTree = "<group>";
		};
		D233A04B2EF31406006F66B8 /* Models */ = {
			isa = PBXGroup;
			children = (
				D233A03F2EF31400006F66B8 /* MealType.swift */,
				D233A0412EF31401006F66B8 /* MealEntry.swift */,
			);
			path = Models;
			sourceTree = "<group>";
		};
		D233A04C2EF31407006F66B8 /* Views */ = {
			isa = PBXGroup;
			children = (
				D233A0452EF31403006F66B8 /* TodayView.swift */,
				6ED911E93761E6283EDAB5FE /* HealthScoreView.swift */,
				D233A0472EF31404006F66B8 /* MotivationView.swift */,
				D233A0492EF31405006F66B8 /* SettingsView.swift */,
				A1234DEF12345678901234AB /* AnimatedPandaView.swift */,
			);
			path = Views;
			sourceTree = "<group>";
		};
		D233A04D2EF31408006F66B8 /* Managers */ = {
			isa = PBXGroup;
			children = (
				D233A0432EF31402006F66B8 /* MealPersistenceManager.swift */,
			);
			path = Managers;
			sourceTree = "<group>";
		};
		D233A0512EF31502006F66B8 /* Helpers */ = {
			isa = PBXGroup;
			children = (
				D2BB39F72F326F420029884B /* EnvConfig.swift */,
				D233A04D2EF31500006F66B8 /* CrossPlatformImage.swift */,
				D233A04F2EF31501006F66B8 /* CrossPlatformColor.swift */,
				D233A0512EF31600006F66B8 /* ImagePicker.swift */,
			);
			path = Helpers;
			sourceTree = "<group>";
		};
/* End PBXGroup section */

/* Begin PBXNativeTarget section */
		D233A0102EF3106F006F66B8 /* nouri */ = {
			isa = PBXNativeTarget;
			buildConfigurationList = D233A0362EF31072006F66B8 /* Build configuration list for PBXNativeTarget "nouri" */;
			buildPhases = (
				D233A00D2EF3106F006F66B8 /* Sources */,
				D233A00E2EF3106F006F66B8 /* Frameworks */,
				D233A00F2EF3106F006F66B8 /* Resources */,
			);
			buildRules = (
			);
			dependencies = (
			);
			name = nouri;
			productName = nouri;
			productReference = D233A0112EF3106F006F66B8 /* nouri.app */;
			productType = "com.apple.product-type.application";
		};
		D233A0212EF31072006F66B8 /* nouriTests */ = {
			isa = PBXNativeTarget;
			buildConfigurationList = D233A0392EF31072006F66B8 /* Build configuration list for PBXNativeTarget "nouriTests" */;
			buildPhases = (
				D233A01E2EF31072006F66B8 /* Sources */,
				D233A01F2EF31072006F66B8 /* Frameworks */,
				D233A0202EF31072006F66B8 /* Resources */,
			);
			buildRules = (
			);
			dependencies = (
				D233A0242EF31072006F66B8 /* PBXTargetDependency */,
			);
			name = nouriTests;
			productName = nouriTests;
			productReference = D233A0222EF31072006F66B8 /* nouriTests.xctest */;
			productType = "com.apple.product-type.bundle.unit-test";
		};
		D233A02B2EF31072006F66B8 /* nouriUITests */ = {
			isa = PBXNativeTarget;
			buildConfigurationList = D233A03C2EF31072006F66B8 /* Build configuration list for PBXNativeTarget "nouriUITests" */;
			buildPhases = (
				D233A0282EF31072006F66B8 /* Sources */,
				D233A0292EF31072006F66B8 /* Frameworks */,
				D233A02A2EF31072006F66B8 /* Resources */,
			);
			buildRules = (
			);
			dependencies = (
				D233A02E2EF31072006F66B8 /* PBXTargetDependency */,
			);
			name = nouriUITests;
			productName = nouriUITests;
			productReference = D233A02C2EF31072006F66B8 /* nouriUITests.xctest */;
			productType = "com.apple.product-type.bundle.ui-testing";
		};
/* End PBXNativeTarget section */

/* Begin PBXProject section */
		D233A0092EF3106E006F66B8 /* Project object */ = {
			isa = PBXProject;
			attributes = {
				BuildIndependentTargetsInParallel = 1;
				LastSwiftUpdateCheck = 1420;
				LastUpgradeCheck = 2620;
				TargetAttributes = {
					D233A0102EF3106F006F66B8 = {
						CreatedOnToolsVersion = 14.2;
					};
					D233A0212EF31072006F66B8 = {
						CreatedOnToolsVersion = 14.2;
						TestTargetID = D233A0102EF3106F006F66B8;
					};
					D233A02B2EF31072006F66B8 = {
						CreatedOnToolsVersion = 14.2;
						TestTargetID = D233A0102EF3106F006F66B8;
					};
				};
			};
			buildConfigurationList = D233A00C2EF3106F006F66B8 /* Build configuration list for PBXProject "nouri" */;
			compatibilityVersion = "Xcode 14.0";
			developmentRegion = en;
			hasScannedForEncodings = 0;
			knownRegions = (
				en,
				Base,
			);
			mainGroup = D233A0082EF3106E006F66B8;
			productRefGroup = D233A0122EF3106F006F66B8 /* Products */;
			projectDirPath = "";
			projectRoot = "";
			targets = (
				D233A0102EF3106F006F66B8 /* nouri */,
				D233A0212EF31072006F66B8 /* nouriTests */,
				D233A02B2EF31072006F66B8 /* nouriUITests */,
			);
		};
/* End PBXProject section */

/* Begin PBXResourcesBuildPhase section */
		D233A00F2EF3106F006F66B8 /* Resources */ = {
			isa = PBXResourcesBuildPhase;
			buildActionMask = 2147483647;
			files = (
				D233A01D2EF31071006F66B8 /* Preview Assets.xcassets in Resources */,
				D2BB39FA2F326F740029884B /* Config.plist in Resources */,
				D233A0192EF31071006F66B8 /* Assets.xcassets in Resources */,
			);
			runOnlyForDeploymentPostprocessing = 0;
		};
		D233A0202EF31072006F66B8 /* Resources */ = {
			isa = PBXResourcesBuildPhase;
			buildActionMask = 2147483647;
			files = (
			);
			runOnlyForDeploymentPostprocessing = 0;
		};
		D233A02A2EF31072006F66B8 /* Resources */ = {
			isa = PBXResourcesBuildPhase;
			buildActionMask = 2147483647;
			files = (
			);
			runOnlyForDeploymentPostprocessing = 0;
		};
/* End PBXResourcesBuildPhase section */

/* Begin PBXSourcesBuildPhase section */
		D233A00D2EF3106F006F66B8 /* Sources */ = {
			isa = PBXSourcesBuildPhase;
			buildActionMask = 2147483647;
			files = (
				D233A0172EF3106F006F66B8 /* ContentView.swift in Sources */,
				D233A0152EF3106F006F66B8 /* nouriApp.swift in Sources */,
				D233A0402EF31400006F66B8 /* MealType.swift in Sources */,
				D2BB39F82F326F420029884B /* EnvConfig.swift in Sources */,
				D233A0422EF31401006F66B8 /* MealEntry.swift in Sources */,
				D233A0442EF31402006F66B8 /* MealPersistenceManager.swift in Sources */,
				D233A0462EF31403006F66B8 /* TodayView.swift in Sources */,
				67153BF440895C9582B5EBE1 /* HealthScoreView.swift in Sources */,
				D233A0482EF31404006F66B8 /* MotivationView.swift in Sources */,
				D233A04A2EF31405006F66B8 /* SettingsView.swift in Sources */,
				A1234ABC12345678901234DE /* AnimatedPandaView.swift in Sources */,
				D233A04E2EF31500006F66B8 /* CrossPlatformImage.swift in Sources */,
				D233A0502EF31501006F66B8 /* CrossPlatformColor.swift in Sources */,
				D233A0522EF31600006F66B8 /* ImagePicker.swift in Sources */,
			);
			runOnlyForDeploymentPostprocessing = 0;
		};
		D233A01E2EF31072006F66B8 /* Sources */ = {
			isa = PBXSourcesBuildPhase;
			buildActionMask = 2147483647;
			files = (
				D233A0272EF31072006F66B8 /* nouriTests.swift in Sources */,
			);
			runOnlyForDeploymentPostprocessing = 0;
		};
		D233A0282EF31072006F66B8 /* Sources */ = {
			isa = PBXSourcesBuildPhase;
			buildActionMask = 2147483647;
			files = (
				D233A0332EF31072006F66B8 /* nouriUITestsLaunchTests.swift in Sources */,
				D233A0312EF31072006F66B8 /* nouriUITests.swift in Sources */,
			);
			runOnlyForDeploymentPostprocessing = 0;
		};
/* End PBXSourcesBuildPhase section */

/* Begin PBXTargetDependency section */
		D233A0242EF31072006F66B8 /* PBXTargetDependency */ = {
			isa = PBXTargetDependency;
			target = D233A0102EF3106F006F66B8 /* nouri */;
			targetProxy = D233A0232EF31072006F66B8 /* PBXContainerItemProxy */;
		};
		D233A02E2EF31072006F66B8 /* PBXTargetDependency */ = {
			isa = PBXTargetDependency;
			target = D233A0102EF3106F006F66B8 /* nouri */;
			targetProxy = D233A02D2EF31072006F66B8 /* PBXContainerItemProxy */;
		};
/* End PBXTargetDependency section */

/* Begin XCBuildConfiguration section */
		D233A0342EF31072006F66B8 /* Debug */ = {
			isa = XCBuildConfiguration;
			buildSettings = {
				ALWAYS_SEARCH_USER_PATHS = NO;
				CLANG_ANALYZER_NONNULL = YES;
				CLANG_ANALYZER_NUMBER_OBJECT_CONVERSION = YES_AGGRESSIVE;
				CLANG_CXX_LANGUAGE_STANDARD = "gnu++20";
				CLANG_ENABLE_MODULES = YES;
				CLANG_ENABLE_OBJC_ARC = YES;
				CLANG_ENABLE_OBJC_WEAK = YES;
				CLANG_WARN_BLOCK_CAPTURE_AUTORELEASING = YES;
				CLANG_WARN_BOOL_CONVERSION = YES;
				CLANG_WARN_COMMA = YES;
				CLANG_WARN_CONSTANT_CONVERSION = YES;
				CLANG_WARN_DEPRECATED_OBJC_IMPLEMENTATIONS = YES;
				CLANG_WARN_DIRECT_OBJC_ISA_USAGE = YES_ERROR;
				CLANG_WARN_DOCUMENTATION_COMMENTS = YES;
				CLANG_WARN_EMPTY_BODY = YES;
				CLANG_WARN_ENUM_CONVERSION = YES;
				CLANG_WARN_INFINITE_RECURSION = YES;
				CLANG_WARN_INT_CONVERSION = YES;
				CLANG_WARN_NON_LITERAL_NULL_CONVERSION = YES;
				CLANG_WARN_OBJC_IMPLICIT_RETAIN_SELF = YES;
				CLANG_WARN_OBJC_LITERAL_CONVERSION = YES;
				CLANG_WARN_OBJC_ROOT_CLASS = YES_ERROR;
				CLANG_WARN_QUOTED_INCLUDE_IN_FRAMEWORK_HEADER = YES;
				CLANG_WARN_RANGE_LOOP_ANALYSIS = YES;
				CLANG_WARN_STRICT_PROTOTYPES = YES;
				CLANG_WARN_SUSPICIOUS_MOVE = YES;
				CLANG_WARN_UNGUARDED_AVAILABILITY = YES_AGGRESSIVE;
				CLANG_WARN_UNREACHABLE_CODE = YES;
				CLANG_WARN__DUPLICATE_METHOD_MATCH = YES;
				COPY_PHASE_STRIP = NO;
				DEAD_CODE_STRIPPING = YES;
				DEBUG_INFORMATION_FORMAT = dwarf;
				DEVELOPMENT_TEAM = ZJLZPA9W84;
				ENABLE_STRICT_OBJC_MSGSEND = YES;
				ENABLE_TESTABILITY = YES;
				ENABLE_USER_SCRIPT_SANDBOXING = YES;
				GCC_C_LANGUAGE_STANDARD = gnu11;
				GCC_DYNAMIC_NO_PIC = NO;
				GCC_NO_COMMON_BLOCKS = YES;
				GCC_OPTIMIZATION_LEVEL = 0;
				GCC_PREPROCESSOR_DEFINITIONS = (
					"DEBUG=1",
					"$(inherited)",
				);
				GCC_WARN_64_TO_32_BIT_CONVERSION = YES;
				GCC_WARN_ABOUT_RETURN_TYPE = YES_ERROR;
				GCC_WARN_UNDECLARED_SELECTOR = YES;
				GCC_WARN_UNINITIALIZED_AUTOS = YES_AGGRESSIVE;
				GCC_WARN_UNUSED_FUNCTION = YES;
				GCC_WARN_UNUSED_VARIABLE = YES;
				MTL_ENABLE_DEBUG_INFO = INCLUDE_SOURCE;
				MTL_FAST_MATH = YES;
				ONLY_ACTIVE_ARCH = YES;
				STRING_CATALOG_GENERATE_SYMBOLS = YES;
				SWIFT_ACTIVE_COMPILATION_CONDITIONS = DEBUG;
				SWIFT_OPTIMIZATION_LEVEL = "-Onone";
			};
			name = Debug;
		};
		D233A0352EF31072006F66B8 /* Release */ = {
			isa = XCBuildConfiguration;
			buildSettings = {
				ALWAYS_SEARCH_USER_PATHS = NO;
				CLANG_ANALYZER_NONNULL = YES;
				CLANG_ANALYZER_NUMBER_OBJECT_CONVERSION = YES_AGGRESSIVE;
				CLANG_CXX_LANGUAGE_STANDARD = "gnu++20";
				CLANG_ENABLE_MODULES = YES;
				CLANG_ENABLE_OBJC_ARC = YES;
				CLANG_ENABLE_OBJC_WEAK = YES;
				CLANG_WARN_BLOCK_CAPTURE_AUTORELEASING = YES;
				CLANG_WARN_BOOL_CONVERSION = YES;
				CLANG_WARN_COMMA = YES;
				CLANG_WARN_CONSTANT_CONVERSION = YES;
				CLANG_WARN_DEPRECATED_OBJC_IMPLEMENTATIONS = YES;
				CLANG_WARN_DIRECT_OBJC_ISA_USAGE = YES_ERROR;
				CLANG_WARN_DOCUMENTATION_COMMENTS = YES;
				CLANG_WARN_EMPTY_BODY = YES;
				CLANG_WARN_ENUM_CONVERSION = YES;
				CLANG_WARN_INFINITE_RECURSION = YES;
				CLANG_WARN_INT_CONVERSION = YES;
				CLANG_WARN_NON_LITERAL_NULL_CONVERSION = YES;
				CLANG_WARN_OBJC_IMPLICIT_RETAIN_SELF = YES;
				CLANG_WARN_OBJC_LITERAL_CONVERSION = YES;
				CLANG_WARN_OBJC_ROOT_CLASS = YES_ERROR;
				CLANG_WARN_QUOTED_INCLUDE_IN_FRAMEWORK_HEADER = YES;
				CLANG_WARN_RANGE_LOOP_ANALYSIS = YES;
				CLANG_WARN_STRICT_PROTOTYPES = YES;
				CLANG_WARN_SUSPICIOUS_MOVE = YES;
				CLANG_WARN_UNGUARDED_AVAILABILITY = YES_AGGRESSIVE;
				CLANG_WARN_UNREACHABLE_CODE = YES;
				CLANG_WARN__DUPLICATE_METHOD_MATCH = YES;
				COPY_PHASE_STRIP = NO;
				DEAD_CODE_STRIPPING = YES;
				DEBUG_INFORMATION_FORMAT = "dwarf-with-dsym";
				DEVELOPMENT_TEAM = ZJLZPA9W84;
				ENABLE_NS_ASSERTIONS = NO;
				ENABLE_STRICT_OBJC_MSGSEND = YES;
				ENABLE_USER_SCRIPT_SANDBOXING = YES;
				GCC_C_LANGUAGE_STANDARD = gnu11;
				GCC_NO_COMMON_BLOCKS = YES;
				GCC_WARN_64_TO_32_BIT_CONVERSION = YES;
				GCC_WARN_ABOUT_RETURN_TYPE = YES_ERROR;
				GCC_WARN_UNDECLARED_SELECTOR = YES;
				GCC_WARN_UNINITIALIZED_AUTOS = YES_AGGRESSIVE;
				GCC_WARN_UNUSED_FUNCTION = YES;
				GCC_WARN_UNUSED_VARIABLE = YES;
				MTL_ENABLE_DEBUG_INFO = NO;
				MTL_FAST_MATH = YES;
				STRING_CATALOG_GENERATE_SYMBOLS = YES;
				SWIFT_COMPILATION_MODE = wholemodule;
				SWIFT_OPTIMIZATION_LEVEL = "-O";
			};
			name = Release;
		};
		D233A0372EF31072006F66B8 /* Debug */ = {
			isa = XCBuildConfiguration;
			buildSettings = {
				ASSETCATALOG_COMPILER_APPICON_NAME = AppIcon;
				ASSETCATALOG_COMPILER_GLOBAL_ACCENT_COLOR_NAME = AccentColor;
				CODE_SIGN_ENTITLEMENTS = nouri/nouri.entitlements;
				CODE_SIGN_STYLE = Automatic;
				CURRENT_PROJECT_VERSION = 1;
				DEAD_CODE_STRIPPING = YES;
				DEVELOPMENT_ASSET_PATHS = "\"nouri/Preview Content\"";
				ENABLE_APP_SANDBOX = YES;
				ENABLE_HARDENED_RUNTIME = YES;
				ENABLE_PREVIEWS = YES;
				ENABLE_USER_SELECTED_FILES = readonly;
				GENERATE_INFOPLIST_FILE = YES;
				INFOPLIST_KEY_NSCameraUsageDescription = "We need access to your camera to capture meal photos.";
				INFOPLIST_KEY_NSPhotoLibraryUsageDescription = "We need access to your photo library to select meal photos.";
				"INFOPLIST_KEY_UIApplicationSceneManifest_Generation[sdk=iphoneos*]" = YES;
				"INFOPLIST_KEY_UIApplicationSceneManifest_Generation[sdk=iphonesimulator*]" = YES;
				"INFOPLIST_KEY_UIApplicationSupportsIndirectInputEvents[sdk=iphoneos*]" = YES;
				"INFOPLIST_KEY_UIApplicationSupportsIndirectInputEvents[sdk=iphonesimulator*]" = YES;
				"INFOPLIST_KEY_UILaunchScreen_Generation[sdk=iphoneos*]" = YES;
				"INFOPLIST_KEY_UILaunchScreen_Generation[sdk=iphonesimulator*]" = YES;
				"INFOPLIST_KEY_UIStatusBarStyle[sdk=iphoneos*]" = UIStatusBarStyleDefault;
				"INFOPLIST_KEY_UIStatusBarStyle[sdk=iphonesimulator*]" = UIStatusBarStyleDefault;
				INFOPLIST_KEY_UISupportedInterfaceOrientations_iPad = "UIInterfaceOrientationPortrait UIInterfaceOrientationPortraitUpsideDown UIInterfaceOrientationLandscapeLeft UIInterfaceOrientationLandscapeRight";
				INFOPLIST_KEY_UISupportedInterfaceOrientations_iPhone = "UIInterfaceOrientationPortrait UIInterfaceOrientationLandscapeLeft UIInterfaceOrientationLandscapeRight";
				IPHONEOS_DEPLOYMENT_TARGET = 16.0;
				LD_RUNPATH_SEARCH_PATHS = "@executable_path/Frameworks";
				"LD_RUNPATH_SEARCH_PATHS[sdk=macosx*]" = "@executable_path/../Frameworks";
				MACOSX_DEPLOYMENT_TARGET = 12.0;
				MARKETING_VERSION = 1.0;
				PRODUCT_BUNDLE_IDENTIFIER = dev.louc.nouri;
				PRODUCT_NAME = "$(TARGET_NAME)";
				SDKROOT = auto;
				SUPPORTED_PLATFORMS = "iphoneos iphonesimulator macosx";
				SUPPORTS_MACCATALYST = YES;
				SWIFT_EMIT_LOC_STRINGS = YES;
				SWIFT_VERSION = 5.0;
				TARGETED_DEVICE_FAMILY = "1,2";
			};
			name = Debug;
		};
		D233A0382EF31072006F66B8 /* Release */ = {
			isa = XCBuildConfiguration;
			buildSettings = {
				ASSETCATALOG_COMPILER_APPICON_NAME = AppIcon;
				ASSETCATALOG_COMPILER_GLOBAL_ACCENT_COLOR_NAME = AccentColor;
				CODE_SIGN_ENTITLEMENTS = nouri/nouri.entitlements;
				CODE_SIGN_STYLE = Automatic;
				CURRENT_PROJECT_VERSION = 1;
				DEAD_CODE_STRIPPING = YES;
				DEVELOPMENT_ASSET_PATHS = "\"nouri/Preview Content\"";
				ENABLE_APP_SANDBOX = YES;
				ENABLE_HARDENED_RUNTIME = YES;
				ENABLE_PREVIEWS = YES;
				ENABLE_USER_SELECTED_FILES = readonly;
				GENERATE_INFOPLIST_FILE = YES;
				INFOPLIST_KEY_NSCameraUsageDescription = "We need access to your camera to capture meal photos.";
				INFOPLIST_KEY_NSPhotoLibraryUsageDescription = "We need access to your photo library to select meal photos.";
				"INFOPLIST_KEY_UIApplicationSceneManifest_Generation[sdk=iphoneos*]" = YES;
				"INFOPLIST_KEY_UIApplicationSceneManifest_Generation[sdk=iphonesimulator*]" = YES;
				"INFOPLIST_KEY_UIApplicationSupportsIndirectInputEvents[sdk=iphoneos*]" = YES;
				"INFOPLIST_KEY_UIApplicationSupportsIndirectInputEvents[sdk=iphonesimulator*]" = YES;
				"INFOPLIST_KEY_UILaunchScreen_Generation[sdk=iphoneos*]" = YES;
				"INFOPLIST_KEY_UILaunchScreen_Generation[sdk=iphonesimulator*]" = YES;
				"INFOPLIST_KEY_UIStatusBarStyle[sdk=iphoneos*]" = UIStatusBarStyleDefault;
				"INFOPLIST_KEY_UIStatusBarStyle[sdk=iphonesimulator*]" = UIStatusBarStyleDefault;
				INFOPLIST_KEY_UISupportedInterfaceOrientations_iPad = "UIInterfaceOrientationPortrait UIInterfaceOrientationPortraitUpsideDown UIInterfaceOrientationLandscapeLeft UIInterfaceOrientationLandscapeRight";
				INFOPLIST_KEY_UISupportedInterfaceOrientations_iPhone = "UIInterfaceOrientationPortrait UIInterfaceOrientationLandscapeLeft UIInterfaceOrientationLandscapeRight";
				IPHONEOS_DEPLOYMENT_TARGET = 16.0;
				LD_RUNPATH_SEARCH_PATHS = "@executable_path/Frameworks";
				"LD_RUNPATH_SEARCH_PATHS[sdk=macosx*]" = "@executable_path/../Frameworks";
				MACOSX_DEPLOYMENT_TARGET = 12.0;
				MARKETING_VERSION = 1.0;
				PRODUCT_BUNDLE_IDENTIFIER = dev.louc.nouri;
				PRODUCT_NAME = "$(TARGET_NAME)";
				SDKROOT = auto;
				SUPPORTED_PLATFORMS = "iphoneos iphonesimulator macosx";
				SUPPORTS_MACCATALYST = YES;
				SWIFT_EMIT_LOC_STRINGS = YES;
				SWIFT_VERSION = 5.0;
				TARGETED_DEVICE_FAMILY = "1,2";
			};
			name = Release;
		};
		D233A03A2EF31072006F66B8 /* Debug */ = {
			isa = XCBuildConfiguration;
			buildSettings = {
				BUNDLE_LOADER = "$(TEST_HOST)";
				CODE_SIGN_STYLE = Automatic;
				CURRENT_PROJECT_VERSION = 1;
				DEAD_CODE_STRIPPING = YES;
				GENERATE_INFOPLIST_FILE = YES;
				IPHONEOS_DEPLOYMENT_TARGET = 16.2;
				MACOSX_DEPLOYMENT_TARGET = 12.7;
				MARKETING_VERSION = 1.0;
				PRODUCT_BUNDLE_IDENTIFIER = dev.louc.nouriTests;
				PRODUCT_NAME = "$(TARGET_NAME)";
				SDKROOT = auto;
				SUPPORTED_PLATFORMS = "iphoneos iphonesimulator macosx";
				SWIFT_EMIT_LOC_STRINGS = NO;
				SWIFT_VERSION = 5.0;
				TARGETED_DEVICE_FAMILY = "1,2";
				TEST_HOST = "$(BUILT_PRODUCTS_DIR)/nouri.app/$(BUNDLE_EXECUTABLE_FOLDER_PATH)/nouri";
			};
			name = Debug;
		};
		D233A03B2EF31072006F66B8 /* Release */ = {
			isa = XCBuildConfiguration;
			buildSettings = {
				BUNDLE_LOADER = "$(TEST_HOST)";
				CODE_SIGN_STYLE = Automatic;
				CURRENT_PROJECT_VERSION = 1;
				DEAD_CODE_STRIPPING = YES;
				GENERATE_INFOPLIST_FILE = YES;
				IPHONEOS_DEPLOYMENT_TARGET = 16.2;
				MACOSX_DEPLOYMENT_TARGET = 12.7;
				MARKETING_VERSION = 1.0;
				PRODUCT_BUNDLE_IDENTIFIER = dev.louc.nouriTests;
				PRODUCT_NAME = "$(TARGET_NAME)";
				SDKROOT = auto;
				SUPPORTED_PLATFORMS = "iphoneos iphonesimulator macosx";
				SWIFT_EMIT_LOC_STRINGS = NO;
				SWIFT_VERSION = 5.0;
				TARGETED_DEVICE_FAMILY = "1,2";
				TEST_HOST = "$(BUILT_PRODUCTS_DIR)/nouri.app/$(BUNDLE_EXECUTABLE_FOLDER_PATH)/nouri";
			};
			name = Release;
		};
		D233A03D2EF31072006F66B8 /* Debug */ = {
			isa = XCBuildConfiguration;
			buildSettings = {
				CODE_SIGN_STYLE = Automatic;
				CURRENT_PROJECT_VERSION = 1;
				DEAD_CODE_STRIPPING = YES;
				GENERATE_INFOPLIST_FILE = YES;
				IPHONEOS_DEPLOYMENT_TARGET = 16.2;
				MACOSX_DEPLOYMENT_TARGET = 12.7;
				MARKETING_VERSION = 1.0;
				PRODUCT_BUNDLE_IDENTIFIER = dev.louc.nouriUITests;
				PRODUCT_NAME = "$(TARGET_NAME)";
				SDKROOT = auto;
				SUPPORTED_PLATFORMS = "iphoneos iphonesimulator macosx";
				SWIFT_EMIT_LOC_STRINGS = NO;
				SWIFT_VERSION = 5.0;
				TARGETED_DEVICE_FAMILY = "1,2";
				TEST_TARGET_NAME = nouri;
			};
			name = Debug;
		};
		D233A03E2EF31072006F66B8 /* Release */ = {
			isa = XCBuildConfiguration;
			buildSettings = {
				CODE_SIGN_STYLE = Automatic;
				CURRENT_PROJECT_VERSION = 1;
				DEAD_CODE_STRIPPING = YES;
				GENERATE_INFOPLIST_FILE = YES;
				IPHONEOS_DEPLOYMENT_TARGET = 16.2;
				MACOSX_DEPLOYMENT_TARGET = 12.7;
				MARKETING_VERSION = 1.0;
				PRODUCT_BUNDLE_IDENTIFIER = dev.louc.nouriUITests;
				PRODUCT_NAME = "$(TARGET_NAME)";
				SDKROOT = auto;
				SUPPORTED_PLATFORMS = "iphoneos iphonesimulator macosx";
				SWIFT_EMIT_LOC_STRINGS = NO;
				SWIFT_VERSION = 5.0;
				TARGETED_DEVICE_FAMILY = "1,2";
				TEST_TARGET_NAME = nouri;
			};
			name = Release;
		};
/* End XCBuildConfiguration section */

/* Begin XCConfigurationList section */
		D233A00C2EF3106F006F66B8 /* Build configuration list for PBXProject "nouri" */ = {
			isa = XCConfigurationList;
			buildConfigurations = (
				D233A0342EF31072006F66B8 /* Debug */,
				D233A0352EF31072006F66B8 /* Release */,
			);
			defaultConfigurationIsVisible = 0;
			defaultConfigurationName = Release;
		};
		D233A0362EF31072006F66B8 /* Build configuration list for PBXNativeTarget "nouri" */ = {
			isa = XCConfigurationList;
			buildConfigurations = (
				D233A0372EF31072006F66B8 /* Debug */,
				D233A0382EF31072006F66B8 /* Release */,
			);
			defaultConfigurationIsVisible = 0;
			defaultConfigurationName = Release;
		};
		D233A0392EF31072006F66B8 /* Build configuration list for PBXNativeTarget "nouriTests" */ = {
			isa = XCConfigurationList;
			buildConfigurations = (
				D233A03A2EF31072006F66B8 /* Debug */,
				D233A03B2EF31072006F66B8 /* Release */,
			);
			defaultConfigurationIsVisible = 0;
			defaultConfigurationName = Release;
		};
		D233A03C2EF31072006F66B8 /* Build configuration list for PBXNativeTarget "nouriUITests" */ = {
			isa = XCConfigurationList;
			buildConfigurations = (
				D233A03D2EF31072006F66B8 /* Debug */,
				D233A03E2EF31072006F66B8 /* Release */,
			);
			defaultConfigurationIsVisible = 0;
			defaultConfigurationName = Release;
		};
/* End XCConfigurationList section */
	};
	rootObject = D233A0092EF3106E006F66B8 /* Project object */;
}
